Microsoft Visual Studio Solution File, Format Version 11.00
# Visual Studio 2008

Project("{389C73A6-BA10-2608-8D68-93CB66518093}") = "Rally", "Assembly-CSharp.csproj", "{882F4A72-991C-E9F2-C991-1278BA896CFC}"
EndProject
Global
	GlobalSection(SolutionConfigurationPlatforms) = preSolution
		Debug|Any CPU = Debug|Any CPU
		Release|Any CPU = Release|Any CPU
	EndGlobalSection
	GlobalSection(ProjectConfigurationPlatforms) = postSolution
		{882F4A72-991C-E9F2-C991-1278BA896CFC}.Debug|Any CPU.ActiveCfg = Debug|Any CPU
		{882F4A72-991C-E9F2-C991-1278BA896CFC}.Debug|Any CPU.Build.0 = Debug|Any CPU
		{882F4A72-991C-E9F2-C991-1278BA896CFC}.Release|Any CPU.ActiveCfg = Release|Any CPU
		{882F4A72-991C-E9F2-C991-1278BA896CFC}.Release|Any CPU.Build.0 = Release|Any CPU
	EndGlobalSection
	GlobalSection(SolutionProperties) = preSolution
		HideSolutionNode = FALSE
	EndGlobalSection
	GlobalSection(MonoDevelopProperties) = preSolution
		StartupItem = Assembly-CSharp.csproj
	EndGlobalSection
EndGlobal
